// !$*UTF8*$!
{
	archiveVersion = 1;
	classes = {
	};
	objectVersion = 46;
	objects = {

/* Begin PBXBuildFile section */
		C98803F01EED6C71004EB162 /* main.m in Sources */ = {isa = PBXBuildFile; fileRef = C98803EF1EED6C71004EB162 /* main.m */; };
		C98803F31EED6C71004EB162 /* AppDelegate.m in Sources */ = {isa = PBXBuildFile; fileRef = C98803F21EED6C71004EB162 /* AppDelegate.m */; };
		C98803F61EED6C71004EB162 /* ViewController.m in Sources */ = {isa = PBXBuildFile; fileRef = C98803F51EED6C71004EB162 /* ViewController.m */; };
		C98803F91EED6C71004EB162 /* Main.storyboard in Resources */ = {isa = PBXBuildFile; fileRef = C98803F71EED6C71004EB162 /* Main.storyboard */; };
		C98803FB1EED6C71004EB162 /* Assets.xcassets in Resources */ = {isa = PBXBuildFile; fileRef = C98803FA1EED6C71004EB162 /* Assets.xcassets */; };
		C98803FE1EED6C71004EB162 /* LaunchScreen.storyboard in Resources */ = {isa = PBXBuildFile; fileRef = C98803FC1EED6C71004EB162 /* LaunchScreen.storyboard */; };
		C98804091EED6C72004EB162 /* Hello_WorldTests.m in Sources */ = {isa = PBXBuildFile; fileRef = C98804081EED6C72004EB162 /* Hello_WorldTests.m */; };
		C98804141EED6C72004EB162 /* Hello_WorldUITests.m in Sources */ = {isa = PBXBuildFile; fileRef = C98804131EED6C72004EB162 /* Hello_WorldUITests.m */; };
/* End PBXBuildFile section */

/* Begin PBXContainerItemProxy section */
		C98804051EED6C72004EB162 /* PBXContainerItemProxy */ = {
			isa = PBXContainerItemProxy;
			containerPortal = C98803E31EED6C71004EB162 /* Project object */;
			proxyType = 1;
			remoteGlobalIDString = C98803EA1EED6C71004EB162;
			remoteInfo = "Hello World";
		};
		C98804101EED6C72004EB162 /* PBXContainerItemProxy */ = {
			isa = PBXContainerItemProxy;
			containerPortal = C98803E31EED6C71004EB162 /* Project object */;
			proxyType = 1;
			remoteGlobalIDString = C98803EA1EED6C71004EB162;
			remoteInfo = "Hello World";
		};
/* End PBXContainerItemProxy section */

/* Begin PBXFileReference section */
		C98803EB1EED6C71004EB162 /* Hello World.app */ = {isa = PBXFileReference; explicitFileType = wrapper.application; includeInIndex = 0; path = "Hello World.app"; sourceTree = BUILT_PRODUCTS_DIR; };
		C98803EF1EED6C71004EB162 /* main.m */ = {isa = PBXFileReference; lastKnownFileType = sourcecode.c.objc; path = main.m; sourceTree = "<group>"; };
		C98803F11EED6C71004EB162 /* AppDelegate.h */ = {isa = PBXFileReference; lastKnownFileType = sourcecode.c.h; path = AppDelegate.h; sourceTree = "<group>"; };
		C98803F21EED6C71004EB162 /* AppDelegate.m */ = {isa = PBXFileReference; lastKnownFileType = sourcecode.c.objc; path = AppDelegate.m; sourceTree = "<group>"; };
		C98803F41EED6C71004EB162 /* ViewController.h */ = {isa = PBXFileReference; lastKnownFileType = sourcecode.c.h; path = ViewController.h; sourceTree = "<group>"; };
		C98803F51EED6C71004EB162 /* ViewController.m */ = {isa = PBXFileReference; lastKnownFileType = sourcecode.c.objc; path = ViewController.m; sourceTree = "<group>"; };
		C98803FA1EED6C71004EB162 /* Assets.xcassets */ = {isa = PBXFileReference; lastKnownFileType = folder.assetcatalog; path = Assets.xcassets; sourceTree = "<group>"; };
		C98803FD1EED6C71004EB162 /* Base */ = {isa = PBXFileReference; lastKnownFileType = file.storyboard; name = Base; path = Base.lproj/LaunchScreen.storyboard; sourceTree = "<group>"; };
		C98803FF1EED6C71004EB162 /* Info.plist */ = {isa = PBXFileReference; lastKnownFileType = text.plist.xml; path = Info.plist; sourceTree = "<group>"; };
		C98804041EED6C72004EB162 /* Hello WorldTests.xctest */ = {isa = PBXFileReference; explicitFileType = wrapper.cfbundle; includeInIndex = 0; path = "Hello WorldTests.xctest"; sourceTree = BUILT_PRODUCTS_DIR; };
		C98804081EED6C72004EB162 /* Hello_WorldTests.m */ = {isa = PBXFileReference; lastKnownFileType = sourcecode.c.objc; path = Hello_WorldTests.m; sourceTree = "<group>"; };
		C988040A1EED6C72004EB162 /* Info.plist */ = {isa = PBXFileReference; lastKnownFileType = text.plist.xml; path = Info.plist; sourceTree = "<group>"; };
		C988040F1EED6C72004EB162 /* Hello WorldUITests.xctest */ = {isa = PBXFileReference; explicitFileType = wrapper.cfbundle; includeInIndex = 0; path = "Hello WorldUITests.xctest"; sourceTree = BUILT_PRODUCTS_DIR; };
		C98804131EED6C72004EB162 /* Hello_WorldUITests.m */ = {isa = PBXFileReference; lastKnownFileType = sourcecode.c.objc; path = Hello_WorldUITests.m; sourceTree = "<group>"; };
		C98804151EED6C72004EB162 /* Info.plist */ = {isa = PBXFileReference; lastKnownFileType = text.plist.xml; path = Info.plist; sourceTree = "<group>"; };
		C98804211EED6FFC004EB162 /* en */ = {isa = PBXFileReference; lastKnownFileType = file.storyboard; name = en; path = en.lproj/Main.storyboard; sourceTree = "<group>"; };
/* End PBXFileReference section */

/* Begin PBXFrameworksBuildPhase section */
		C98803E81EED6C71004EB162 /* Frameworks */ = {
			isa = PBXFrameworksBuildPhase;
			buildActionMask = 2147483647;
			files = (
			);
			runOnlyForDeploymentPostprocessing = 0;
		};
		C98804011EED6C72004EB162 /* Frameworks */ = {
			isa = PBXFrameworksBuildPhase;
			buildActionMask = 2147483647;
			files = (
			);
			runOnlyForDeploymentPostprocessing = 0;
		};
		C988040C1EED6C72004EB162 /* Frameworks */ = {
			isa = PBXFrameworksBuildPhase;
			buildActionMask = 2147483647;
			files = (
			);
			runOnlyForDeploymentPostprocessing = 0;
		};
/* End PBXFrameworksBuildPhase section */

/* Begin PBXGroup section */
		C98803E21EED6C71004EB162 = {
			isa = PBXGroup;
			children = (
				C98803ED1EED6C71004EB162 /* Hello World */,
				C98804071EED6C72004EB162 /* Hello WorldTests */,
				C98804121EED6C72004EB162 /* Hello WorldUITests */,
				C98803EC1EED6C71004EB162 /* Products */,
			);
			sourceTree = "<group>";
		};
		C98803EC1EED6C71004EB162 /* Products */ = {
			isa = PBXGroup;
			children = (
				C98803EB1EED6C71004EB162 /* Hello World.app */,
				C98804041EED6C72004EB162 /* Hello WorldTests.xctest */,
				C988040F1EED6C72004EB162 /* Hello WorldUITests.xctest */,
			);
			name = Products;
			sourceTree = "<group>";
		};
		C98803ED1EED6C71004EB162 /* Hello World */ = {
			isa = PBXGroup;
			children = (
				C98803F11EED6C71004EB162 /* AppDelegate.h */,
				C98803F21EED6C71004EB162 /* AppDelegate.m */,
				C98803F41EED6C71004EB162 /* ViewController.h */,
				C98803F51EED6C71004EB162 /* ViewController.m */,
				C98803F71EED6C71004EB162 /* Main.storyboard */,
				C98803FA1EED6C71004EB162 /* Assets.xcassets */,
				C98803FC1EED6C71004EB162 /* LaunchScreen.storyboard */,
				C98803FF1EED6C71004EB162 /* Info.plist */,
				C98803EE1EED6C71004EB162 /* Supporting Files */,
			);
			path = "Hello World";
			sourceTree = "<group>";
		};
		C98803EE1EED6C71004EB162 /* Supporting Files */ = {
			isa = PBXGroup;
			children = (
				C98803EF1EED6C71004EB162 /* main.m */,
			);
			name = "Supporting Files";
			sourceTree = "<group>";
		};
		C98804071EED6C72004EB162 /* Hello WorldTests */ = {
			isa = PBXGroup;
			children = (
				C98804081EED6C72004EB162 /* Hello_WorldTests.m */,
				C988040A1EED6C72004EB162 /* Info.plist */,
			);
			path = "Hello WorldTests";
			sourceTree = "<group>";
		};
		C98804121EED6C72004EB162 /* Hello WorldUITests */ = {
			isa = PBXGroup;
			children = (
				C98804131EED6C72004EB162 /* Hello_WorldUITests.m */,
				C98804151EED6C72004EB162 /* Info.plist */,
			);
			path = "Hello WorldUITests";
			sourceTree = "<group>";
		};
/* End PBXGroup section */

/* Begin PBXNativeTarget section */
		C98803EA1EED6C71004EB162 /* Hello World */ = {
			isa = PBXNativeTarget;
			buildConfigurationList = C98804181EED6C72004EB162 /* Build configuration list for PBXNativeTarget "Hello World" */;
			buildPhases = (
				C98803E71EED6C71004EB162 /* Sources */,
				C98803E81EED6C71004EB162 /* Frameworks */,
				C98803E91EED6C71004EB162 /* Resources */,
			);
			buildRules = (
			);
			dependencies = (
			);
			name = "Hello World";
			productName = "Hello World";
			productReference = C98803EB1EED6C71004EB162 /* Hello World.app */;
			productType = "com.apple.product-type.application";
		};
		C98804031EED6C72004EB162 /* Hello WorldTests */ = {
			isa = PBXNativeTarget;
			buildConfigurationList = C988041B1EED6C72004EB162 /* Build configuration list for PBXNativeTarget "Hello WorldTests" */;
			buildPhases = (
				C98804001EED6C72004EB162 /* Sources */,
				C98804011EED6C72004EB162 /* Frameworks */,
				C98804021EED6C72004EB162 /* Resources */,
			);
			buildRules = (
			);
			dependencies = (
				C98804061EED6C72004EB162 /* PBXTargetDependency */,
			);
			name = "Hello WorldTests";
			productName = "Hello WorldTests";
			productReference = C98804041EED6C72004EB162 /* Hello WorldTests.xctest */;
			productType = "com.apple.product-type.bundle.unit-test";
		};
		C988040E1EED6C72004EB162 /* Hello WorldUITests */ = {
			isa = PBXNativeTarget;
			buildConfigurationList = C988041E1EED6C72004EB162 /* Build configuration list for PBXNativeTarget "Hello WorldUITests" */;
			buildPhases = (
				C988040B1EED6C72004EB162 /* Sources */,
				C988040C1EED6C72004EB162 /* Frameworks */,
				C988040D1EED6C72004EB162 /* Resources */,
			);
			buildRules = (
			);
			dependencies = (
				C98804111EED6C72004EB162 /* PBXTargetDependency */,
			);
			name = "Hello WorldUITests";
			productName = "Hello WorldUITests";
			productReference = C988040F1EED6C72004EB162 /* Hello WorldUITests.xctest */;
			productType = "com.apple.product-type.bundle.ui-testing";
		};
/* End PBXNativeTarget section */

/* Begin PBXProject section */
		C98803E31EED6C71004EB162 /* Project object */ = {
			isa = PBXProject;
			attributes = {
				LastUpgradeCheck = 0930;
				ORGANIZATIONNAME = "王紫仪";
				TargetAttributes = {
					C98803EA1EED6C71004EB162 = {
						CreatedOnToolsVersion = 8.3.3;
						ProvisioningStyle = Automatic;
					};
					C98804031EED6C72004EB162 = {
						CreatedOnToolsVersion = 8.3.3;
						ProvisioningStyle = Automatic;
						TestTargetID = C98803EA1EED6C71004EB162;
					};
					C988040E1EED6C72004EB162 = {
						CreatedOnToolsVersion = 8.3.3;
						ProvisioningStyle = Automatic;
						TestTargetID = C98803EA1EED6C71004EB162;
					};
				};
			};
			buildConfigurationList = C98803E61EED6C71004EB162 /* Build configuration list for PBXProject "Hello World" */;
			compatibilityVersion = "Xcode 3.2";
			developmentRegion = English;
			hasScannedForEncodings = 0;
			knownRegions = (
				en,
				Base,
			);
			mainGroup = C98803E21EED6C71004EB162;
			productRefGroup = C98803EC1EED6C71004EB162 /* Products */;
			projectDirPath = "";
			projectRoot = "";
			targets = (
				C98803EA1EED6C71004EB162 /* Hello World */,
				C98804031EED6C72004EB162 /* Hello WorldTests */,
				C988040E1EED6C72004EB162 /* Hello WorldUITests */,
			);
		};
/* End PBXProject section */

/* Begin PBXResourcesBuildPhase section */
		C98803E91EED6C71004EB162 /* Resources */ = {
			isa = PBXResourcesBuildPhase;
			buildActionMask = 2147483647;
			files = (
				C98803FE1EED6C71004EB162 /* LaunchScreen.storyboard in Resources */,
				C98803FB1EED6C71004EB162 /* Assets.xcassets in Resources */,
				C98803F91EED6C71004EB162 /* Main.storyboard in Resources */,
			);
			runOnlyForDeploymentPostprocessing = 0;
		};
		C98804021EED6C72004EB162 /* Resources */ = {
			isa = PBXResourcesBuildPhase;
			buildActionMask = 2147483647;
			files = (
			);
			runOnlyForDeploymentPostprocessing = 0;
		};
		C988040D1EED6C72004EB162 /* Resources */ = {
			isa = PBXResourcesBuildPhase;
			buildActionMask = 2147483647;
			files = (
			);
			runOnlyForDeploymentPostprocessing = 0;
		};
/* End PBXResourcesBuildPhase section */

/* Begin PBXSourcesBuildPhase section */
		C98803E71EED6C71004EB162 /* Sources */ = {
			isa = PBXSourcesBuildPhase;
			buildActionMask = 2147483647;
			files = (
				C98803F61EED6C71004EB162 /* ViewController.m in Sources */,
				C98803F31EED6C71004EB162 /* AppDelegate.m in Sources */,
				C98803F01EED6C71004EB162 /* main.m in Sources */,
			);
			runOnlyForDeploymentPostprocessing = 0;
		};
		C98804001EED6C72004EB162 /* Sources */ = {
			isa = PBXSourcesBuildPhase;
			buildActionMask = 2147483647;
			files = (
				C98804091EED6C72004EB162 /* Hello_WorldTests.m in Sources */,
			);
			runOnlyForDeploymentPostprocessing = 0;
		};
		C988040B1EED6C72004EB162 /* Sources */ = {
			isa = PBXSourcesBuildPhase;
			buildActionMask = 2147483647;
			files = (
				C98804141EED6C72004EB162 /* Hello_WorldUITests.m in Sources */,
			);
			runOnlyForDeploymentPostprocessing = 0;
		};
/* End PBXSourcesBuildPhase section */

/* Begin PBXTargetDependency section */
		C98804061EED6C72004EB162 /* PBXTargetDependency */ = {
			isa = PBXTargetDependency;
			target = C98803EA1EED6C71004EB162 /* Hello World */;
			targetProxy = C98804051EED6C72004EB162 /* PBXContainerItemProxy */;
		};
		C98804111EED6C72004EB162 /* PBXTargetDependency */ = {
			isa = PBXTargetDependency;
			target = C98803EA1EED6C71004EB162 /* Hello World */;
			targetProxy = C98804101EED6C72004EB162 /* PBXContainerItemProxy */;
		};
/* End PBXTargetDependency section */

/* Begin PBXVariantGroup section */
		C98803F71EED6C71004EB162 /* Main.storyboard */ = {
			isa = PBXVariantGroup;
			children = (
				C98804211EED6FFC004EB162 /* en */,
			);
			name = Main.storyboard;
			sourceTree = "<group>";
		};
		C98803FC1EED6C71004EB162 /* LaunchScreen.storyboard */ = {
			isa = PBXVariantGroup;
			children = (
				C98803FD1EED6C71004EB162 /* Base */,
			);
			name = LaunchScreen.storyboard;
			sourceTree = "<group>";
		};
/* End PBXVariantGroup section */

/* Begin XCBuildConfiguration section */
		C98804161EED6C72004EB162 /* Debug */ = {
			isa = XCBuildConfiguration;
			buildSettings = {
				ALWAYS_SEARCH_USER_PATHS = NO;
				CLANG_ANALYZER_NONNULL = YES;
				CLANG_ANALYZER_NUMBER_OBJECT_CONVERSION = YES_AGGRESSIVE;
				CLANG_CXX_LANGUAGE_STANDARD = "gnu++0x";
				CLANG_CXX_LIBRARY = "libc++";
				CLANG_ENABLE_MODULES = YES;
				CLANG_ENABLE_OBJC_ARC = YES;
				CLANG_WARN_BLOCK_CAPTURE_AUTORELEASING = YES;
				CLANG_WARN_BOOL_CONVERSION = YES;
				CLANG_WARN_COMMA = YES;
				CLANG_WARN_CONSTANT_CONVERSION = YES;
				CLANG_WARN_DEPRECATED_OBJC_IMPLEMENTATIONS = YES;
				CLANG_WARN_DIRECT_OBJC_ISA_USAGE = YES_ERROR;
				CLANG_WARN_DOCUMENTATION_COMMENTS = YES;
				CLANG_WARN_EMPTY_BODY = YES;
				CLANG_WARN_ENUM_CONVERSION = YES;
				CLANG_WARN_INFINITE_RECURSION = YES;
				CLANG_WARN_INT_CONVERSION = YES;
				CLANG_WARN_NON_LITERAL_NULL_CONVERSION = YES;
				CLANG_WARN_OBJC_IMPLICIT_RETAIN_SELF = YES;
				CLANG_WARN_OBJC_LITERAL_CONVERSION = YES;
				CLANG_WARN_OBJC_ROOT_CLASS = YES_ERROR;
				CLANG_WARN_RANGE_LOOP_ANALYSIS = YES;
				CLANG_WARN_STRICT_PROTOTYPES = YES;
				CLANG_WARN_SUSPICIOUS_MOVE = YES;
				CLANG_WARN_UNREACHABLE_CODE = YES;
				CLANG_WARN__DUPLICATE_METHOD_MATCH = YES;
				"CODE_SIGN_IDENTITY[sdk=iphoneos*]" = "iPhone Developer";
				COPY_PHASE_STRIP = NO;
				DEBUG_INFORMATION_FORMAT = dwarf;
				ENABLE_STRICT_OBJC_MSGSEND = YES;
				ENABLE_TESTABILITY = YES;
				GCC_C_LANGUAGE_STANDARD = gnu99;
				GCC_DYNAMIC_NO_PIC = NO;
				GCC_NO_COMMON_BLOCKS = YES;
				GCC_OPTIMIZATION_LEVEL = 0;
				GCC_PREPROCESSOR_DEFINITIONS = (
					"DEBUG=1",
					"$(inherited)",
				);
				GCC_WARN_64_TO_32_BIT_CONVERSION = YES;
				GCC_WARN_ABOUT_RETURN_TYPE = YES_ERROR;
				GCC_WARN_UNDECLARED_SELECTOR = YES;
				GCC_WARN_UNINITIALIZED_AUTOS = YES_AGGRESSIVE;
				GCC_WARN_UNUSED_FUNCTION = YES;
				GCC_WARN_UNUSED_VARIABLE = YES;
				IPHONEOS_DEPLOYMENT_TARGET = 10.3;
				MTL_ENABLE_DEBUG_INFO = YES;
				ONLY_ACTIVE_ARCH = YES;
				SDKROOT = iphoneos;
				TARGETED_DEVICE_FAMILY = "1,2";
			};
			name = Debug;
		};
		C98804171EED6C72004EB162 /* Release */ = {
			isa = XCBuildConfiguration;
			buildSettings = {
				ALWAYS_SEARCH_USER_PATHS = NO;
				CLANG_ANALYZER_NONNULL = YES;
				CLANG_ANALYZER_NUMBER_OBJECT_CONVERSION = YES_AGGRESSIVE;
				CLANG_CXX_LANGUAGE_STANDARD = "gnu++0x";
				CLANG_CXX_LIBRARY = "libc++";
				CLANG_ENABLE_MODULES = YES;
				CLANG_ENABLE_OBJC_ARC = YES;
				CLANG_WARN_BLOCK_CAPTURE_AUTORELEASING = YES;
				CLANG_WARN_BOOL_CONVERSION = YES;
				CLANG_WARN_COMMA = YES;
				CLANG_WARN_CONSTANT_CONVERSION = YES;
				CLANG_WARN_DEPRECATED_OBJC_IMPLEMENTATIONS = YES;
				CLANG_WARN_DIRECT_OBJC_ISA_USAGE = YES_ERROR;
				CLANG_WARN_DOCUMENTATION_COMMENTS = YES;
				CLANG_WARN_EMPTY_BODY = YES;
				CLANG_WARN_ENUM_CONVERSION = YES;
				CLANG_WARN_INFINITE_RECURSION = YES;
				CLANG_WARN_INT_CONVERSION = YES;
				CLANG_WARN_NON_LITERAL_NULL_CONVERSION = YES;
				CLANG_WARN_OBJC_IMPLICIT_RETAIN_SELF = YES;
				CLANG_WARN_OBJC_LITERAL_CONVERSION = YES;
				CLANG_WARN_OBJC_ROOT_CLASS = YES_ERROR;
				CLANG_WARN_RANGE_LOOP_ANALYSIS = YES;
				CLANG_WARN_STRICT_PROTOTYPES = YES;
				CLANG_WARN_SUSPICIOUS_MOVE = YES;
				CLANG_WARN_UNREACHABLE_CODE = YES;
				CLANG_WARN__DUPLICATE_METHOD_MATCH = YES;
				"CODE_SIGN_IDENTITY[sdk=iphoneos*]" = "iPhone Developer";
				COPY_PHASE_STRIP = NO;
				DEBUG_INFORMATION_FORMAT = "dwarf-with-dsym";
				ENABLE_NS_ASSERTIONS = NO;
				ENABLE_STRICT_OBJC_MSGSEND = YES;
				GCC_C_LANGUAGE_STANDARD = gnu99;
				GCC_NO_COMMON_BLOCKS = YES;
				GCC_WARN_64_TO_32_BIT_CONVERSION = YES;
				GCC_WARN_ABOUT_RETURN_TYPE = YES_ERROR;
				GCC_WARN_UNDECLARED_SELECTOR = YES;
				GCC_WARN_UNINITIALIZED_AUTOS = YES_AGGRESSIVE;
				GCC_WARN_UNUSED_FUNCTION = YES;
				GCC_WARN_UNUSED_VARIABLE = YES;
				IPHONEOS_DEPLOYMENT_TARGET = 10.3;
				MTL_ENABLE_DEBUG_INFO = NO;
				SDKROOT = iphoneos;
				TARGETED_DEVICE_FAMILY = "1,2";
				VALIDATE_PRODUCT = YES;
			};
			name = Release;
		};
		C98804191EED6C72004EB162 /* Debug */ = {
			isa = XCBuildConfiguration;
			buildSettings = {
				ASSETCATALOG_COMPILER_APPICON_NAME = AppIcon;
				INFOPLIST_FILE = "Hello World/Info.plist";
				LD_RUNPATH_SEARCH_PATHS = "$(inherited) @executable_path/Frameworks";
				PRODUCT_BUNDLE_IDENTIFIER = "HSBR.Hello-World";
				PRODUCT_NAME = "$(TARGET_NAME)";
			};
			name = Debug;
		};
		C988041A1EED6C72004EB162 /* Release */ = {
			isa = XCBuildConfiguration;
			buildSettings = {
				ASSETCATALOG_COMPILER_APPICON_NAME = AppIcon;
				INFOPLIST_FILE = "Hello World/Info.plist";
				LD_RUNPATH_SEARCH_PATHS = "$(inherited) @executable_path/Frameworks";
				PRODUCT_BUNDLE_IDENTIFIER = "HSBR.Hello-World";
				PRODUCT_NAME = "$(TARGET_NAME)";
			};
			name = Release;
		};
		C988041C1EED6C72004EB162 /* Debug */ = {
			isa = XCBuildConfiguration;
			buildSettings = {
				BUNDLE_LOADER = "$(TEST_HOST)";
				INFOPLIST_FILE = "Hello WorldTests/Info.plist";
				LD_RUNPATH_SEARCH_PATHS = "$(inherited) @executable_path/Frameworks @loader_path/Frameworks";
				PRODUCT_BUNDLE_IDENTIFIER = "HSBR.Hello-WorldTests";
				PRODUCT_NAME = "$(TARGET_NAME)";
				TEST_HOST = "$(BUILT_PRODUCTS_DIR)/Hello World.app/Hello World";
			};
			name = Debug;
		};
		C988041D1EED6C72004EB162 /* Release */ = {
			isa = XCBuildConfiguration;
			buildSettings = {
				BUNDLE_LOADER = "$(TEST_HOST)";
				INFOPLIST_FILE = "Hello WorldTests/Info.plist";
				LD_RUNPATH_SEARCH_PATHS = "$(inherited) @executable_path/Frameworks @loader_path/Frameworks";
				PRODUCT_BUNDLE_IDENTIFIER = "HSBR.Hello-WorldTests";
				PRODUCT_NAME = "$(TARGET_NAME)";
				TEST_HOST = "$(BUILT_PRODUCTS_DIR)/Hello World.app/Hello World";
			};
			name = Release;
		};
		C988041F1EED6C72004EB162 /* Debug */ = {
			isa = XCBuildConfiguration;
			buildSettings = {
				INFOPLIST_FILE = "Hello WorldUITests/Info.plist";
				LD_RUNPATH_SEARCH_PATHS = "$(inherited) @executable_path/Frameworks @loader_path/Frameworks";
				PRODUCT_BUNDLE_IDENTIFIER = "HSBR.Hello-WorldUITests";
				PRODUCT_NAME = "$(TARGET_NAME)";
				TEST_TARGET_NAME = "Hello World";
			};
			name = Debug;
		};
		C98804201EED6C72004EB162 /* Release */ = {
			isa = XCBuildConfiguration;
			buildSettings = {
				INFOPLIST_FILE = "Hello WorldUITests/Info.plist";
				LD_RUNPATH_SEARCH_PATHS = "$(inherited) @executable_path/Frameworks @loader_path/Frameworks";
				PRODUCT_BUNDLE_IDENTIFIER = "HSBR.Hello-WorldUITests";
				PRODUCT_NAME = "$(TARGET_NAME)";
				TEST_TARGET_NAME = "Hello World";
			};
			name = Release;
		};
/* End XCBuildConfiguration section */

/* Begin XCConfigurationList section */
		C98803E61EED6C71004EB162 /* Build configuration list for PBXProject "Hello World" */ = {
			isa = XCConfigurationList;
			buildConfigurations = (
				C98804161EED6C72004EB162 /* Debug */,
				C98804171EED6C72004EB162 /* Release */,
			);
			defaultConfigurationIsVisible = 0;
			defaultConfigurationName = Release;
		};
		C98804181EED6C72004EB162 /* Build configuration list for PBXNativeTarget "Hello World" */ = {
			isa = XCConfigurationList;
			buildConfigurations = (
				C98804191EED6C72004EB162 /* Debug */,
				C988041A1EED6C72004EB162 /* Release */,
			);
			defaultConfigurationIsVisible = 0;
			defaultConfigurationName = Release;
		};
		C988041B1EED6C72004EB162 /* Build configuration list for PBXNativeTarget "Hello WorldTests" */ = {
			isa = XCConfigurationList;
			buildConfigurations = (
				C988041C1EED6C72004EB162 /* Debug */,
				C988041D1EED6C72004EB162 /* Release */,
			);
			defaultConfigurationIsVisible = 0;
			defaultConfigurationName = Release;
		};
		C988041E1EED6C72004EB162 /* Build configuration list for PBXNativeTarget "Hello WorldUITests" */ = {
			isa = XCConfigurationList;
			buildConfigurations = (
				C988041F1EED6C72004EB162 /* Debug */,
				C98804201EED6C72004EB162 /* Release */,
			);
			defaultConfigurationIsVisible = 0;
			defaultConfigurationName = Release;
		};
/* End XCConfigurationList section */
	};
	rootObject = C98803E31EED6C71004EB162 /* Project object */;
}
